# This file is automatically @generated by Cargo.
# It is not intended for manual editing.
version = 4

[[package]]
name = "mrmr-app"
version = "0.1.0"
dependencies = [
 "mrmr-core",
]

[[package]]
name = "mrmr-cli"
version = "0.1.0"
dependencies = [
 "mrmr-app",
 "mrmr-core",
]

[[package]]
name = "mrmr-core"
version = "0.1.0"
